
Microsoft Visual Studio Solution File, Format Version 11.00
# Visual Studio 2010
Project("{FAE04EC0-301F-11D3-BF4B-00C04F79EFBC}") = "Tests", "Tests\Tests.csproj", "{0475CFCC-F6FE-44EE-9D1E-B29FD325EDBF}"
EndProject
Project("{FAE04EC0-301F-11D3-BF4B-00C04F79EFBC}") = "Bantumi.Entities", "Bantumi.Entities\Bantumi.Entities.csproj", "{07E25879-336C-459B-A71B-866D9C501D4A}"
EndProject
Project("{FAE04EC0-301F-11D3-BF4B-00C04F79EFBC}") = "Bantumi.Entities.Interface", "Bantumi.Entities.Interface\Bantumi.Entities.Interface.csproj", "{B8FA8FF4-B7D5-4156-B2AF-78B1FED1274F}"
EndProject
Project("{FAE04EC0-301F-11D3-BF4B-00C04F79EFBC}") = "UIConsole", "UIConsole\UIConsole.csproj", "{D517363C-461A-4AE1-8B25-66BDE6C122F7}"
EndProject
Global
	GlobalSection(SolutionConfigurationPlatforms) = preSolution
		Debug|Any CPU = Debug|Any CPU
		Debug|Mixed Platforms = Debug|Mixed Platforms
		Debug|x86 = Debug|x86
		Release|Any CPU = Release|Any CPU
		Release|Mixed Platforms = Release|Mixed Platforms
		Release|x86 = Release|x86
	EndGlobalSection
	GlobalSection(ProjectConfigurationPlatforms) = postSolution
		{0475CFCC-F6FE-44EE-9D1E-B29FD325EDBF}.Debug|Any CPU.ActiveCfg = Debug|Any CPU
		{0475CFCC-F6FE-44EE-9D1E-B29FD325EDBF}.Debug|Any CPU.Build.0 = Debug|Any CPU
		{0475CFCC-F6FE-44EE-9D1E-B29FD325EDBF}.Debug|Mixed Platforms.ActiveCfg = Debug|Any CPU
		{0475CFCC-F6FE-44EE-9D1E-B29FD325EDBF}.Debug|Mixed Platforms.Build.0 = Debug|Any CPU
		{0475CFCC-F6FE-44EE-9D1E-B29FD325EDBF}.Debug|x86.ActiveCfg = Debug|Any CPU
		{0475CFCC-F6FE-44EE-9D1E-B29FD325EDBF}.Release|Any CPU.ActiveCfg = Release|Any CPU
		{0475CFCC-F6FE-44EE-9D1E-B29FD325EDBF}.Release|Any CPU.Build.0 = Release|Any CPU
		{0475CFCC-F6FE-44EE-9D1E-B29FD325EDBF}.Release|Mixed Platforms.ActiveCfg = Release|Any CPU
		{0475CFCC-F6FE-44EE-9D1E-B29FD325EDBF}.Release|Mixed Platforms.Build.0 = Release|Any CPU
		{0475CFCC-F6FE-44EE-9D1E-B29FD325EDBF}.Release|x86.ActiveCfg = Release|Any CPU
		{07E25879-336C-459B-A71B-866D9C501D4A}.Debug|Any CPU.ActiveCfg = Debug|Any CPU
		{07E25879-336C-459B-A71B-866D9C501D4A}.Debug|Any CPU.Build.0 = Debug|Any CPU
		{07E25879-336C-459B-A71B-866D9C501D4A}.Debug|Mixed Platforms.ActiveCfg = Debug|Any CPU
		{07E25879-336C-459B-A71B-866D9C501D4A}.Debug|Mixed Platforms.Build.0 = Debug|Any CPU
		{07E25879-336C-459B-A71B-866D9C501D4A}.Debug|x86.ActiveCfg = Debug|Any CPU
		{07E25879-336C-459B-A71B-866D9C501D4A}.Release|Any CPU.ActiveCfg = Release|Any CPU
		{07E25879-336C-459B-A71B-866D9C501D4A}.Release|Any CPU.Build.0 = Release|Any CPU
		{07E25879-336C-459B-A71B-866D9C501D4A}.Release|Mixed Platforms.ActiveCfg = Release|Any CPU
		{07E25879-336C-459B-A71B-866D9C501D4A}.Release|Mixed Platforms.Build.0 = Release|Any CPU
		{07E25879-336C-459B-A71B-866D9C501D4A}.Release|x86.ActiveCfg = Release|Any CPU
		{B8FA8FF4-B7D5-4156-B2AF-78B1FED1274F}.Debug|Any CPU.ActiveCfg = Debug|Any CPU
		{B8FA8FF4-B7D5-4156-B2AF-78B1FED1274F}.Debug|Any CPU.Build.0 = Debug|Any CPU
		{B8FA8FF4-B7D5-4156-B2AF-78B1FED1274F}.Debug|Mixed Platforms.ActiveCfg = Debug|Any CPU
		{B8FA8FF4-B7D5-4156-B2AF-78B1FED1274F}.Debug|Mixed Platforms.Build.0 = Debug|Any CPU
		{B8FA8FF4-B7D5-4156-B2AF-78B1FED1274F}.Debug|x86.ActiveCfg = Debug|Any CPU
		{B8FA8FF4-B7D5-4156-B2AF-78B1FED1274F}.Release|Any CPU.ActiveCfg = Release|Any CPU
		{B8FA8FF4-B7D5-4156-B2AF-78B1FED1274F}.Release|Any CPU.Build.0 = Release|Any CPU
		{B8FA8FF4-B7D5-4156-B2AF-78B1FED1274F}.Release|Mixed Platforms.ActiveCfg = Release|Any CPU
		{B8FA8FF4-B7D5-4156-B2AF-78B1FED1274F}.Release|Mixed Platforms.Build.0 = Release|Any CPU
		{B8FA8FF4-B7D5-4156-B2AF-78B1FED1274F}.Release|x86.ActiveCfg = Release|Any CPU
		{D517363C-461A-4AE1-8B25-66BDE6C122F7}.Debug|Any CPU.ActiveCfg = Debug|x86
		{D517363C-461A-4AE1-8B25-66BDE6C122F7}.Debug|Mixed Platforms.ActiveCfg = Debug|x86
		{D517363C-461A-4AE1-8B25-66BDE6C122F7}.Debug|Mixed Platforms.Build.0 = Debug|x86
		{D517363C-461A-4AE1-8B25-66BDE6C122F7}.Debug|x86.ActiveCfg = Debug|x86
		{D517363C-461A-4AE1-8B25-66BDE6C122F7}.Debug|x86.Build.0 = Debug|x86
		{D517363C-461A-4AE1-8B25-66BDE6C122F7}.Release|Any CPU.ActiveCfg = Release|x86
		{D517363C-461A-4AE1-8B25-66BDE6C122F7}.Release|Mixed Platforms.ActiveCfg = Release|x86
		{D517363C-461A-4AE1-8B25-66BDE6C122F7}.Release|Mixed Platforms.Build.0 = Release|x86
		{D517363C-461A-4AE1-8B25-66BDE6C122F7}.Release|x86.ActiveCfg = Release|x86
		{D517363C-461A-4AE1-8B25-66BDE6C122F7}.Release|x86.Build.0 = Release|x86
	EndGlobalSection
	GlobalSection(SolutionProperties) = preSolution
		HideSolutionNode = FALSE
	EndGlobalSection
EndGlobal
